
Microsoft Visual Studio Solution File, Format Version 12.00
# Visual Studio Version 17
VisualStudioVersion = 17.11.35219.272
MinimumVisualStudioVersion = 10.0.40219.1
Project("{9A19103F-16F7-4668-BE54-9A1E7A4F7556}") = "ProjetoNoticiaV1", "ProjetoNoticiaV1\ProjetoNoticiaV1.csproj", "{2B23BD06-E6FD-4FA5-BCBF-9D362C0CED40}"
EndProject
Global
	GlobalSection(SolutionConfigurationPlatforms) = preSolution
		Debug|Any CPU = Debug|Any CPU
		Release|Any CPU = Release|Any CPU
	EndGlobalSection
	GlobalSection(ProjectConfigurationPlatforms) = postSolution
		{2B23BD06-E6FD-4FA5-BCBF-9D362C0CED40}.Debug|Any CPU.ActiveCfg = Debug|Any CPU
		{2B23BD06-E6FD-4FA5-BCBF-9D362C0CED40}.Debug|Any CPU.Build.0 = Debug|Any CPU
		{2B23BD06-E6FD-4FA5-BCBF-9D362C0CED40}.Release|Any CPU.ActiveCfg = Release|Any CPU
		{2B23BD06-E6FD-4FA5-BCBF-9D362C0CED40}.Release|Any CPU.Build.0 = Release|Any CPU
	EndGlobalSection
	GlobalSection(SolutionProperties) = preSolution
		HideSolutionNode = FALSE
	EndGlobalSection
	GlobalSection(ExtensibilityGlobals) = postSolution
		SolutionGuid = {2E5C952F-D45A-4379-B365-0C438DB93999}
	EndGlobalSection
EndGlobal
